{
  "version": 4,
  "terraform_version": "1.13.3",
  "serial": 96,
  "lineage": "a530ba69-43c3-e7cb-46b0-cda50adbf9cd",
  "outputs": {
    "api_gateway_url": {
      "value": "https://mcze942pdh.execute-api.us-east-1.amazonaws.com/prod",
      "type": "string"
    },
    "artifacts_bucket": {
      "value": "pkg-artifacts",
      "type": "string"
    },
    "dashboard_url": {
      "value": "https://us-east-1.console.aws.amazon.com/cloudwatch/home?region=us-east-1#dashboards:name=acme-main-dashboard",
      "type": "string"
    },
    "ddb_tables": {
      "value": {
        "downloads": "arn:aws:dynamodb:us-east-1:838693051036:table/downloads",
        "packages": "arn:aws:dynamodb:us-east-1:838693051036:table/packages",
        "tokens": "arn:aws:dynamodb:us-east-1:838693051036:table/tokens",
        "uploads": "arn:aws:dynamodb:us-east-1:838693051036:table/uploads",
        "users": "arn:aws:dynamodb:us-east-1:838693051036:table/users"
      },
      "type": [
        "object",
        {
          "downloads": "string",
          "packages": "string",
          "tokens": "string",
          "uploads": "string",
          "users": "string"
        }
      ]
    },
    "ecr_repository_url": {
      "value": "838693051036.dkr.ecr.us-east-1.amazonaws.com/validator-service",
      "type": "string"
    },
    "group106_policy_arn": {
      "value": "arn:aws:iam::838693051036:policy/group106_project_policy",
      "type": "string"
    },
    "jwt_secret_arn": {
      "value": "arn:aws:secretsmanager:us-east-1:838693051036:secret:acme-jwt-secret-lFC1MI",
      "type": "string"
    },
    "kms_key_arn": {
      "value": "arn:aws:kms:us-east-1:838693051036:key/8bceba21-d653-4025-ac7d-7c4f7b271162",
      "type": "string"
    },
    "validator_cluster_arn": {
      "value": "arn:aws:ecs:us-east-1:838693051036:cluster/validator-cluster",
      "type": "string"
    },
    "validator_service_url": {
      "value": "http://validator-lb-727503296.us-east-1.elb.amazonaws.com",
      "type": "string"
    }
  },
  "resources": [
    {
      "module": "module.api_gateway",
      "mode": "managed",
      "type": "aws_api_gateway_deployment",
      "name": "main_deployment",
      "provider": "provider[\"registry.terraform.io/hashicorp/aws\"]",
      "instances": [
        {
          "schema_version": 0,
          "attributes": {
            "created_date": "2025-10-14T19:34:48Z",
            "description": "",
            "id": "3s21ww",
            "region": "us-east-1",
            "rest_api_id": "mcze942pdh",
            "triggers": null,
            "variables": null
          },
          "sensitive_attributes": [],
          "identity_schema_version": 0,
          "private": "bnVsbA==",
          "dependencies": [
            "module.api_gateway.aws_api_gateway_integration.auth_login_post",
            "module.api_gateway.aws_api_gateway_integration.health_get",
            "module.api_gateway.aws_api_gateway_integration.packages_get",
            "module.api_gateway.aws_api_gateway_method.auth_login_post",
            "module.api_gateway.aws_api_gateway_method.health_get",
            "module.api_gateway.aws_api_gateway_method.packages_get",
            "module.api_gateway.aws_api_gateway_resource.api",
            "module.api_gateway.aws_api_gateway_resource.auth",
            "module.api_gateway.aws_api_gateway_resource.auth_login",
            "module.api_gateway.aws_api_gateway_resource.health",
            "module.api_gateway.aws_api_gateway_resource.packages",
            "module.api_gateway.aws_api_gateway_rest_api.main_api",
            "module.ecs.aws_lb.validator_lb",
            "module.ecs.aws_security_group.validator_sg",
            "module.ecs.aws_subnet.validator_subnet_1",
            "module.ecs.aws_subnet.validator_subnet_2",
            "module.ecs.aws_vpc.validator_vpc"
          ],
          "create_before_destroy": true
        }
      ]
    },
    {
      "module": "module.api_gateway",
      "mode": "managed",
      "type": "aws_api_gateway_integration",
      "name": "auth_login_post",
      "provider": "provider[\"registry.terraform.io/hashicorp/aws\"]",
      "instances": [
        {
          "schema_version": 0,
          "attributes": {
            "cache_key_parameters": [],
            "cache_namespace": "ui0md7",
            "connection_id": "",
            "connection_type": "INTERNET",
            "content_handling": "",
            "credentials": "",
            "http_method": "POST",
            "id": "agi-mcze942pdh-ui0md7-POST",
            "integration_http_method": "POST",
            "passthrough_behavior": "WHEN_NO_MATCH",
            "region": "us-east-1",
            "request_parameters": {},
            "request_templates": {},
            "resource_id": "ui0md7",
            "rest_api_id": "mcze942pdh",
            "timeout_milliseconds": 29000,
            "tls_config": [],
            "type": "HTTP_PROXY",
            "uri": "http://validator-lb-727503296.us-east-1.elb.amazonaws.com/login"
          },
          "sensitive_attributes": [],
          "identity_schema_version": 0,
          "private": "bnVsbA==",
          "dependencies": [
            "module.api_gateway.aws_api_gateway_method.auth_login_post",
            "module.api_gateway.aws_api_gateway_resource.api",
            "module.api_gateway.aws_api_gateway_resource.auth",
            "module.api_gateway.aws_api_gateway_resource.auth_login",
            "module.api_gateway.aws_api_gateway_rest_api.main_api",
            "module.ecs.aws_lb.validator_lb",
            "module.ecs.aws_security_group.validator_sg",
            "module.ecs.aws_subnet.validator_subnet_1",
            "module.ecs.aws_subnet.validator_subnet_2",
            "module.ecs.aws_vpc.validator_vpc"
          ],
          "create_before_destroy": true
        }
      ]
    },
    {
      "module": "module.api_gateway",
      "mode": "managed",
      "type": "aws_api_gateway_integration",
      "name": "health_get",
      "provider": "provider[\"registry.terraform.io/hashicorp/aws\"]",
      "instances": [
        {
          "schema_version": 0,
          "attributes": {
            "cache_key_parameters": [],
            "cache_namespace": "t83ai4",
            "connection_id": "",
            "connection_type": "INTERNET",
            "content_handling": "",
            "credentials": "",
            "http_method": "GET",
            "id": "agi-mcze942pdh-t83ai4-GET",
            "integration_http_method": "GET",
            "passthrough_behavior": "WHEN_NO_MATCH",
            "region": "us-east-1",
            "request_parameters": {},
            "request_templates": {},
            "resource_id": "t83ai4",
            "rest_api_id": "mcze942pdh",
            "timeout_milliseconds": 29000,
            "tls_config": [],
            "type": "HTTP_PROXY",
            "uri": "http://validator-lb-727503296.us-east-1.elb.amazonaws.com/health"
          },
          "sensitive_attributes": [],
          "identity_schema_version": 0,
          "private": "bnVsbA==",
          "dependencies": [
            "module.api_gateway.aws_api_gateway_method.health_get",
            "module.api_gateway.aws_api_gateway_resource.api",
            "module.api_gateway.aws_api_gateway_resource.health",
            "module.api_gateway.aws_api_gateway_rest_api.main_api",
            "module.ecs.aws_lb.validator_lb",
            "module.ecs.aws_security_group.validator_sg",
            "module.ecs.aws_subnet.validator_subnet_1",
            "module.ecs.aws_subnet.validator_subnet_2",
            "module.ecs.aws_vpc.validator_vpc"
          ],
          "create_before_destroy": true
        }
      ]
    },
    {
      "module": "module.api_gateway",
      "mode": "managed",
      "type": "aws_api_gateway_integration",
      "name": "packages_get",
      "provider": "provider[\"registry.terraform.io/hashicorp/aws\"]",
      "instances": [
        {
          "schema_version": 0,
          "attributes": {
            "cache_key_parameters": [],
            "cache_namespace": "jcs0f4",
            "connection_id": "",
            "connection_type": "INTERNET",
            "content_handling": "",
            "credentials": "",
            "http_method": "GET",
            "id": "agi-mcze942pdh-jcs0f4-GET",
            "integration_http_method": "GET",
            "passthrough_behavior": "WHEN_NO_MATCH",
            "region": "us-east-1",
            "request_parameters": {},
            "request_templates": {},
            "resource_id": "jcs0f4",
            "rest_api_id": "mcze942pdh",
            "timeout_milliseconds": 29000,
            "tls_config": [],
            "type": "HTTP_PROXY",
            "uri": "http://validator-lb-727503296.us-east-1.elb.amazonaws.com/packages"
          },
          "sensitive_attributes": [],
          "identity_schema_version": 0,
          "private": "bnVsbA==",
          "dependencies": [
            "module.api_gateway.aws_api_gateway_method.packages_get",
            "module.api_gateway.aws_api_gateway_resource.api",
            "module.api_gateway.aws_api_gateway_resource.packages",
            "module.api_gateway.aws_api_gateway_rest_api.main_api",
            "module.ecs.aws_lb.validator_lb",
            "module.ecs.aws_security_group.validator_sg",
            "module.ecs.aws_subnet.validator_subnet_1",
            "module.ecs.aws_subnet.validator_subnet_2",
            "module.ecs.aws_vpc.validator_vpc"
          ],
          "create_before_destroy": true
        }
      ]
    },
    {
      "module": "module.api_gateway",
      "mode": "managed",
      "type": "aws_api_gateway_method",
      "name": "auth_login_post",
      "provider": "provider[\"registry.terraform.io/hashicorp/aws\"]",
      "instances": [
        {
          "schema_version": 0,
          "attributes": {
            "api_key_required": false,
            "authorization": "NONE",
            "authorization_scopes": [],
            "authorizer_id": "",
            "http_method": "POST",
            "id": "agm-mcze942pdh-ui0md7-POST",
            "operation_name": "",
            "region": "us-east-1",
            "request_models": {},
            "request_parameters": {},
            "request_validator_id": "",
            "resource_id": "ui0md7",
            "rest_api_id": "mcze942pdh"
          },
          "sensitive_attributes": [],
          "identity_schema_version": 0,
          "private": "bnVsbA==",
          "dependencies": [
            "module.api_gateway.aws_api_gateway_resource.api",
            "module.api_gateway.aws_api_gateway_resource.auth",
            "module.api_gateway.aws_api_gateway_resource.auth_login",
            "module.api_gateway.aws_api_gateway_rest_api.main_api"
          ],
          "create_before_destroy": true
        }
      ]
    },
    {
      "module": "module.api_gateway",
      "mode": "managed",
      "type": "aws_api_gateway_method",
      "name": "health_get",
      "provider": "provider[\"registry.terraform.io/hashicorp/aws\"]",
      "instances": [
        {
          "schema_version": 0,
          "attributes": {
            "api_key_required": false,
            "authorization": "NONE",
            "authorization_scopes": [],
            "authorizer_id": "",
            "http_method": "GET",
            "id": "agm-mcze942pdh-t83ai4-GET",
            "operation_name": "",
            "region": "us-east-1",
            "request_models": {},
            "request_parameters": {},
            "request_validator_id": "",
            "resource_id": "t83ai4",
            "rest_api_id": "mcze942pdh"
          },
          "sensitive_attributes": [],
          "identity_schema_version": 0,
          "private": "bnVsbA==",
          "dependencies": [
            "module.api_gateway.aws_api_gateway_resource.api",
            "module.api_gateway.aws_api_gateway_resource.health",
            "module.api_gateway.aws_api_gateway_rest_api.main_api"
          ],
          "create_before_destroy": true
        }
      ]
    },
    {
      "module": "module.api_gateway",
      "mode": "managed",
      "type": "aws_api_gateway_method",
      "name": "packages_get",
      "provider": "provider[\"registry.terraform.io/hashicorp/aws\"]",
      "instances": [
        {
          "schema_version": 0,
          "attributes": {
            "api_key_required": false,
            "authorization": "NONE",
            "authorization_scopes": [],
            "authorizer_id": "",
            "http_method": "GET",
            "id": "agm-mcze942pdh-jcs0f4-GET",
            "operation_name": "",
            "region": "us-east-1",
            "request_models": {},
            "request_parameters": {},
            "request_validator_id": "",
            "resource_id": "jcs0f4",
            "rest_api_id": "mcze942pdh"
          },
          "sensitive_attributes": [],
          "identity_schema_version": 0,
          "private": "bnVsbA==",
          "dependencies": [
            "module.api_gateway.aws_api_gateway_resource.api",
            "module.api_gateway.aws_api_gateway_resource.packages",
            "module.api_gateway.aws_api_gateway_rest_api.main_api"
          ],
          "create_before_destroy": true
        }
      ]
    },
    {
      "module": "module.api_gateway",
      "mode": "managed",
      "type": "aws_api_gateway_resource",
      "name": "api",
      "provider": "provider[\"registry.terraform.io/hashicorp/aws\"]",
      "instances": [
        {
          "schema_version": 0,
          "attributes": {
            "id": "wi9pg0",
            "parent_id": "hbq1x2t6tb",
            "path": "/api",
            "path_part": "api",
            "region": "us-east-1",
            "rest_api_id": "mcze942pdh"
          },
          "sensitive_attributes": [],
          "identity_schema_version": 0,
          "private": "bnVsbA==",
          "dependencies": [
            "module.api_gateway.aws_api_gateway_rest_api.main_api"
          ],
          "create_before_destroy": true
        }
      ]
    },
    {
      "module": "module.api_gateway",
      "mode": "managed",
      "type": "aws_api_gateway_resource",
      "name": "auth",
      "provider": "provider[\"registry.terraform.io/hashicorp/aws\"]",
      "instances": [
        {
          "schema_version": 0,
          "attributes": {
            "id": "eewpeg",
            "parent_id": "wi9pg0",
            "path": "/api/auth",
            "path_part": "auth",
            "region": "us-east-1",
            "rest_api_id": "mcze942pdh"
          },
          "sensitive_attributes": [],
          "identity_schema_version": 0,
          "private": "bnVsbA==",
          "dependencies": [
            "module.api_gateway.aws_api_gateway_resource.api",
            "module.api_gateway.aws_api_gateway_rest_api.main_api"
          ],
          "create_before_destroy": true
        }
      ]
    },
    {
      "module": "module.api_gateway",
      "mode": "managed",
      "type": "aws_api_gateway_resource",
      "name": "auth_login",
      "provider": "provider[\"registry.terraform.io/hashicorp/aws\"]",
      "instances": [
        {
          "schema_version": 0,
          "attributes": {
            "id": "ui0md7",
            "parent_id": "eewpeg",
            "path": "/api/auth/login",
            "path_part": "login",
            "region": "us-east-1",
            "rest_api_id": "mcze942pdh"
          },
          "sensitive_attributes": [],
          "identity_schema_version": 0,
          "private": "bnVsbA==",
          "dependencies": [
            "module.api_gateway.aws_api_gateway_resource.api",
            "module.api_gateway.aws_api_gateway_resource.auth",
            "module.api_gateway.aws_api_gateway_rest_api.main_api"
          ],
          "create_before_destroy": true
        }
      ]
    },
    {
      "module": "module.api_gateway",
      "mode": "managed",
      "type": "aws_api_gateway_resource",
      "name": "health",
      "provider": "provider[\"registry.terraform.io/hashicorp/aws\"]",
      "instances": [
        {
          "schema_version": 0,
          "attributes": {
            "id": "t83ai4",
            "parent_id": "wi9pg0",
            "path": "/api/health",
            "path_part": "health",
            "region": "us-east-1",
            "rest_api_id": "mcze942pdh"
          },
          "sensitive_attributes": [],
          "identity_schema_version": 0,
          "private": "bnVsbA==",
          "dependencies": [
            "module.api_gateway.aws_api_gateway_resource.api",
            "module.api_gateway.aws_api_gateway_rest_api.main_api"
          ],
          "create_before_destroy": true
        }
      ]
    },
    {
      "module": "module.api_gateway",
      "mode": "managed",
      "type": "aws_api_gateway_resource",
      "name": "packages",
      "provider": "provider[\"registry.terraform.io/hashicorp/aws\"]",
      "instances": [
        {
          "schema_version": 0,
          "attributes": {
            "id": "jcs0f4",
            "parent_id": "wi9pg0",
            "path": "/api/packages",
            "path_part": "packages",
            "region": "us-east-1",
            "rest_api_id": "mcze942pdh"
          },
          "sensitive_attributes": [],
          "identity_schema_version": 0,
          "private": "bnVsbA==",
          "dependencies": [
            "module.api_gateway.aws_api_gateway_resource.api",
            "module.api_gateway.aws_api_gateway_rest_api.main_api"
          ],
          "create_before_destroy": true
        }
      ]
    },
    {
      "module": "module.api_gateway",
      "mode": "managed",
      "type": "aws_api_gateway_rest_api",
      "name": "main_api",
      "provider": "provider[\"registry.terraform.io/hashicorp/aws\"]",
      "instances": [
        {
          "schema_version": 0,
          "attributes": {
            "api_key_source": "HEADER",
            "arn": "arn:aws:apigateway:us-east-1::/restapis/mcze942pdh",
            "binary_media_types": [],
            "body": null,
            "created_date": "2025-10-14T19:25:34Z",
            "description": "",
            "disable_execute_api_endpoint": false,
            "endpoint_configuration": [
              {
                "ip_address_type": "ipv4",
                "types": [
                  "REGIONAL"
                ],
                "vpc_endpoint_ids": []
              }
            ],
            "execution_arn": "arn:aws:execute-api:us-east-1:838693051036:mcze942pdh",
            "fail_on_warnings": null,
            "id": "mcze942pdh",
            "minimum_compression_size": "",
            "name": "acme-api",
            "parameters": null,
            "policy": "",
            "put_rest_api_mode": null,
            "region": "us-east-1",
            "root_resource_id": "hbq1x2t6tb",
            "tags": {
              "Environment": "dev",
              "Name": "acme-api",
              "Project": "CS_450_Phase_2"
            },
            "tags_all": {
              "Environment": "dev",
              "Name": "acme-api",
              "Project": "CS_450_Phase_2"
            }
          },
          "sensitive_attributes": [],
          "identity_schema_version": 0,
          "private": "bnVsbA==",
          "create_before_destroy": true
        }
      ]
    },
    {
      "module": "module.api_gateway",
      "mode": "managed",
      "type": "aws_api_gateway_stage",
      "name": "main_stage",
      "provider": "provider[\"registry.terraform.io/hashicorp/aws\"]",
      "instances": [
        {
          "schema_version": 0,
          "attributes": {
            "access_log_settings": [],
            "arn": "arn:aws:apigateway:us-east-1::/restapis/mcze942pdh/stages/prod",
            "cache_cluster_enabled": false,
            "cache_cluster_size": "",
            "canary_settings": [],
            "client_certificate_id": "",
            "deployment_id": "3s21ww",
            "description": "",
            "documentation_version": "",
            "execution_arn": "arn:aws:execute-api:us-east-1:838693051036:mcze942pdh/prod",
            "id": "ags-mcze942pdh-prod",
            "invoke_url": "https://mcze942pdh.execute-api.us-east-1.amazonaws.com/prod",
            "region": "us-east-1",
            "rest_api_id": "mcze942pdh",
            "stage_name": "prod",
            "tags": {
              "Environment": "dev",
              "Name": "acme-api-prod",
              "Project": "CS_450_Phase_2"
            },
            "tags_all": {
              "Environment": "dev",
              "Name": "acme-api-prod",
              "Project": "CS_450_Phase_2"
            },
            "variables": {},
            "web_acl_arn": "",
            "xray_tracing_enabled": false
          },
          "sensitive_attributes": [],
          "identity_schema_version": 0,
          "private": "bnVsbA==",
          "dependencies": [
            "module.api_gateway.aws_api_gateway_deployment.main_deployment",
            "module.api_gateway.aws_api_gateway_integration.auth_login_post",
            "module.api_gateway.aws_api_gateway_integration.health_get",
            "module.api_gateway.aws_api_gateway_integration.packages_get",
            "module.api_gateway.aws_api_gateway_method.auth_login_post",
            "module.api_gateway.aws_api_gateway_method.health_get",
            "module.api_gateway.aws_api_gateway_method.packages_get",
            "module.api_gateway.aws_api_gateway_resource.api",
            "module.api_gateway.aws_api_gateway_resource.auth",
            "module.api_gateway.aws_api_gateway_resource.auth_login",
            "module.api_gateway.aws_api_gateway_resource.health",
            "module.api_gateway.aws_api_gateway_resource.packages",
            "module.api_gateway.aws_api_gateway_rest_api.main_api",
            "module.ecs.aws_lb.validator_lb",
            "module.ecs.aws_security_group.validator_sg",
            "module.ecs.aws_subnet.validator_subnet_1",
            "module.ecs.aws_subnet.validator_subnet_2",
            "module.ecs.aws_vpc.validator_vpc"
          ]
        }
      ]
    },
    {
      "module": "module.api_gateway",
      "mode": "managed",
      "type": "aws_iam_policy",
      "name": "lambda_policy",
      "provider": "provider[\"registry.terraform.io/hashicorp/aws\"]",
      "instances": [
        {
          "schema_version": 0,
          "attributes": {
            "arn": "arn:aws:iam::838693051036:policy/lambda-package-policy",
            "attachment_count": 1,
            "description": "",
            "id": "arn:aws:iam::838693051036:policy/lambda-package-policy",
            "name": "lambda-package-policy",
            "name_prefix": "",
            "path": "/",
            "policy": "{\"Statement\":[{\"Action\":[\"s3:GetObject\",\"s3:PutObject\",\"s3:DeleteObject\",\"s3:ListBucket\",\"s3:CreateMultipartUpload\",\"s3:AbortMultipartUpload\",\"s3:CompleteMultipartUpload\",\"s3:UploadPart\",\"s3:UploadPartCopy\"],\"Effect\":\"Allow\",\"Resource\":[\"arn:aws:s3:::pkg-artifacts\",\"arn:aws:s3:::pkg-artifacts/*\"]},{\"Action\":[\"dynamodb:GetItem\",\"dynamodb:PutItem\",\"dynamodb:UpdateItem\",\"dynamodb:DeleteItem\",\"dynamodb:Query\",\"dynamodb:Scan\"],\"Effect\":\"Allow\",\"Resource\":[\"arn:aws:dynamodb:us-east-1:838693051036:table/downloads\",\"arn:aws:dynamodb:us-east-1:838693051036:table/packages\",\"arn:aws:dynamodb:us-east-1:838693051036:table/tokens\",\"arn:aws:dynamodb:us-east-1:838693051036:table/uploads\",\"arn:aws:dynamodb:us-east-1:838693051036:table/users\"]}],\"Version\":\"2012-10-17\"}",
            "policy_id": "ANPA4GRQALKOAYZD7TADK",
            "tags": {},
            "tags_all": {}
          },
          "sensitive_attributes": [],
          "identity_schema_version": 0,
          "identity": {
            "arn": "arn:aws:iam::838693051036:policy/lambda-package-policy"
          },
          "private": "bnVsbA=="
        }
      ]
    },
    {
      "module": "module.api_gateway",
      "mode": "managed",
      "type": "aws_iam_role",
      "name": "lambda_role",
      "provider": "provider[\"registry.terraform.io/hashicorp/aws\"]",
      "instances": [
        {
          "schema_version": 0,
          "attributes": {
            "arn": "arn:aws:iam::838693051036:role/lambda-execution-role",
            "assume_role_policy": "{\"Statement\":[{\"Action\":\"sts:AssumeRole\",\"Effect\":\"Allow\",\"Principal\":{\"Service\":\"lambda.amazonaws.com\"}}],\"Version\":\"2012-10-17\"}",
            "create_date": "2025-10-14T19:25:34Z",
            "description": "",
            "force_detach_policies": false,
            "id": "lambda-execution-role",
            "inline_policy": [],
            "managed_policy_arns": [
              "arn:aws:iam::838693051036:policy/lambda-package-policy",
              "arn:aws:iam::aws:policy/service-role/AWSLambdaBasicExecutionRole"
            ],
            "max_session_duration": 3600,
            "name": "lambda-execution-role",
            "name_prefix": "",
            "path": "/",
            "permissions_boundary": "",
            "tags": {
              "Environment": "dev",
              "Name": "lambda-execution-role",
              "Project": "CS_450_Phase_2"
            },
            "tags_all": {
              "Environment": "dev",
              "Name": "lambda-execution-role",
              "Project": "CS_450_Phase_2"
            },
            "unique_id": "AROA4GRQALKOPM2KNDN74"
          },
          "sensitive_attributes": [],
          "identity_schema_version": 0,
          "identity": {
            "account_id": "838693051036",
            "name": "lambda-execution-role"
          },
          "private": "bnVsbA=="
        }
      ]
    },
    {
      "module": "module.api_gateway",
      "mode": "managed",
      "type": "aws_iam_role_policy_attachment",
      "name": "lambda_basic_execution",
      "provider": "provider[\"registry.terraform.io/hashicorp/aws\"]",
      "instances": [
        {
          "schema_version": 0,
          "attributes": {
            "id": "lambda-execution-role/arn:aws:iam::aws:policy/service-role/AWSLambdaBasicExecutionRole",
            "policy_arn": "arn:aws:iam::aws:policy/service-role/AWSLambdaBasicExecutionRole",
            "role": "lambda-execution-role"
          },
          "sensitive_attributes": [],
          "identity_schema_version": 0,
          "identity": {
            "account_id": "838693051036",
            "policy_arn": "arn:aws:iam::aws:policy/service-role/AWSLambdaBasicExecutionRole",
            "role": "lambda-execution-role"
          },
          "private": "bnVsbA==",
          "dependencies": [
            "module.api_gateway.aws_iam_role.lambda_role"
          ]
        }
      ]
    },
    {
      "module": "module.api_gateway",
      "mode": "managed",
      "type": "aws_iam_role_policy_attachment",
      "name": "lambda_policy_attachment",
      "provider": "provider[\"registry.terraform.io/hashicorp/aws\"]",
      "instances": [
        {
          "schema_version": 0,
          "attributes": {
            "id": "lambda-execution-role/arn:aws:iam::838693051036:policy/lambda-package-policy",
            "policy_arn": "arn:aws:iam::838693051036:policy/lambda-package-policy",
            "role": "lambda-execution-role"
          },
          "sensitive_attributes": [],
          "identity_schema_version": 0,
          "identity": {
            "account_id": "838693051036",
            "policy_arn": "arn:aws:iam::838693051036:policy/lambda-package-policy",
            "role": "lambda-execution-role"
          },
          "private": "bnVsbA==",
          "dependencies": [
            "module.api_gateway.aws_iam_policy.lambda_policy",
            "module.api_gateway.aws_iam_role.lambda_role"
          ]
        }
      ]
    },
    {
      "module": "module.ecs",
      "mode": "managed",
      "type": "aws_cloudwatch_log_group",
      "name": "validator_logs",
      "provider": "provider[\"registry.terraform.io/hashicorp/aws\"]",
      "instances": [
        {
          "schema_version": 0,
          "attributes": {
            "arn": "arn:aws:logs:us-east-1:838693051036:log-group:/ecs/validator-service",
            "id": "/ecs/validator-service",
            "kms_key_id": "",
            "log_group_class": "STANDARD",
            "name": "/ecs/validator-service",
            "name_prefix": "",
            "region": "us-east-1",
            "retention_in_days": 7,
            "skip_destroy": false,
            "tags": {},
            "tags_all": {}
          },
          "sensitive_attributes": [],
          "identity_schema_version": 0,
          "identity": {
            "account_id": "838693051036",
            "name": "/ecs/validator-service",
            "region": "us-east-1"
          },
          "private": "bnVsbA=="
        }
      ]
    },
    {
      "module": "module.ecs",
      "mode": "managed",
      "type": "aws_ecr_repository",
      "name": "validator_repo",
      "provider": "provider[\"registry.terraform.io/hashicorp/aws\"]",
      "instances": [
        {
          "schema_version": 0,
          "attributes": {
            "arn": "arn:aws:ecr:us-east-1:838693051036:repository/validator-service",
            "encryption_configuration": [
              {
                "encryption_type": "AES256",
                "kms_key": ""
              }
            ],
            "force_delete": null,
            "id": "validator-service",
            "image_scanning_configuration": [
              {
                "scan_on_push": true
              }
            ],
            "image_tag_mutability": "MUTABLE",
            "image_tag_mutability_exclusion_filter": [],
            "name": "validator-service",
            "region": "us-east-1",
            "registry_id": "838693051036",
            "repository_url": "838693051036.dkr.ecr.us-east-1.amazonaws.com/validator-service",
            "tags": {
              "Name": "validator-service"
            },
            "tags_all": {
              "Name": "validator-service"
            },
            "timeouts": null
          },
          "sensitive_attributes": [],
          "identity_schema_version": 0,
          "identity": {
            "account_id": "838693051036",
            "name": "validator-service",
            "region": "us-east-1"
          },
          "private": "eyJlMmJmYjczMC1lY2FhLTExZTYtOGY4OC0zNDM2M2JjN2M0YzAiOnsiZGVsZXRlIjoxMjAwMDAwMDAwMDAwfX0="
        }
      ]
    },
    {
      "module": "module.ecs",
      "mode": "managed",
      "type": "aws_ecs_cluster",
      "name": "validator_cluster",
      "provider": "provider[\"registry.terraform.io/hashicorp/aws\"]",
      "instances": [
        {
          "schema_version": 0,
          "attributes": {
            "arn": "arn:aws:ecs:us-east-1:838693051036:cluster/validator-cluster",
            "configuration": [],
            "id": "arn:aws:ecs:us-east-1:838693051036:cluster/validator-cluster",
            "name": "validator-cluster",
            "region": "us-east-1",
            "service_connect_defaults": [],
            "setting": [
              {
                "name": "containerInsights",
                "value": "enabled"
              }
            ],
            "tags": {},
            "tags_all": {}
          },
          "sensitive_attributes": [],
          "identity_schema_version": 0,
          "private": "bnVsbA=="
        }
      ]
    },
    {
      "module": "module.ecs",
      "mode": "managed",
      "type": "aws_ecs_service",
      "name": "validator_service",
      "provider": "provider[\"registry.terraform.io/hashicorp/aws\"]",
      "instances": [
        {
          "schema_version": 1,
          "attributes": {
            "alarms": [],
            "arn": "arn:aws:ecs:us-east-1:838693051036:service/validator-cluster/validator-service",
            "availability_zone_rebalancing": "ENABLED",
            "capacity_provider_strategy": [],
            "cluster": "arn:aws:ecs:us-east-1:838693051036:cluster/validator-cluster",
            "deployment_circuit_breaker": [
              {
                "enable": false,
                "rollback": false
              }
            ],
            "deployment_configuration": [
              {
                "bake_time_in_minutes": "0",
                "lifecycle_hook": [],
                "strategy": "ROLLING"
              }
            ],
            "deployment_controller": [
              {
                "type": "ECS"
              }
            ],
            "deployment_maximum_percent": 200,
            "deployment_minimum_healthy_percent": 100,
            "desired_count": 1,
            "enable_ecs_managed_tags": false,
            "enable_execute_command": false,
            "force_delete": null,
            "force_new_deployment": null,
            "health_check_grace_period_seconds": 0,
            "iam_role": "/aws-service-role/ecs.amazonaws.com/AWSServiceRoleForECS",
            "id": "arn:aws:ecs:us-east-1:838693051036:service/validator-cluster/validator-service",
            "launch_type": "FARGATE",
            "load_balancer": [
              {
                "advanced_configuration": [],
                "container_name": "validator-service",
                "container_port": 3001,
                "elb_name": "",
                "target_group_arn": "arn:aws:elasticloadbalancing:us-east-1:838693051036:targetgroup/validator-tg/b4dbc90218197592"
              }
            ],
            "name": "validator-service",
            "network_configuration": [
              {
                "assign_public_ip": true,
                "security_groups": [
                  "sg-08cac865d80460825"
                ],
                "subnets": [
                  "subnet-0326c3f0b0293b419",
                  "subnet-09d712845cafa5f2a"
                ]
              }
            ],
            "ordered_placement_strategy": [],
            "placement_constraints": [],
            "platform_version": "LATEST",
            "propagate_tags": "NONE",
            "region": "us-east-1",
            "scheduling_strategy": "REPLICA",
            "service_connect_configuration": [],
            "service_registries": [],
            "sigint_rollback": null,
            "tags": {},
            "tags_all": {},
            "task_definition": "arn:aws:ecs:us-east-1:838693051036:task-definition/validator-service:5",
            "timeouts": null,
            "triggers": {},
            "volume_configuration": [],
            "vpc_lattice_configurations": [],
            "wait_for_steady_state": false
          },
          "sensitive_attributes": [],
          "identity_schema_version": 0,
          "private": "eyJlMmJmYjczMC1lY2FhLTExZTYtOGY4OC0zNDM2M2JjN2M0YzAiOnsiY3JlYXRlIjoxMjAwMDAwMDAwMDAwLCJkZWxldGUiOjEyMDAwMDAwMDAwMDAsInVwZGF0ZSI6MTIwMDAwMDAwMDAwMH0sInNjaGVtYV92ZXJzaW9uIjoiMSJ9",
          "dependencies": [
            "module.ecs.aws_cloudwatch_log_group.validator_logs",
            "module.ecs.aws_ecs_cluster.validator_cluster",
            "module.ecs.aws_ecs_task_definition.validator_task",
            "module.ecs.aws_iam_role.ecs_execution_role",
            "module.ecs.aws_iam_role.ecs_task_role",
            "module.ecs.aws_lb.validator_lb",
            "module.ecs.aws_lb_listener.validator_listener",
            "module.ecs.aws_lb_target_group.validator_tg",
            "module.ecs.aws_security_group.validator_sg",
            "module.ecs.aws_subnet.validator_subnet_1",
            "module.ecs.aws_subnet.validator_subnet_2",
            "module.ecs.aws_vpc.validator_vpc"
          ]
        }
      ]
    },
    {
      "module": "module.ecs",
      "mode": "managed",
      "type": "aws_ecs_task_definition",
      "name": "validator_task",
      "provider": "provider[\"registry.terraform.io/hashicorp/aws\"]",
      "instances": [
        {
          "schema_version": 1,
          "attributes": {
            "arn": "arn:aws:ecs:us-east-1:838693051036:task-definition/validator-service:5",
            "arn_without_revision": "arn:aws:ecs:us-east-1:838693051036:task-definition/validator-service",
            "container_definitions": "[{\"command\":[\"sh\",\"-c\",\"pip install fastapi uvicorn \u0026\u0026 echo 'from fastapi import FastAPI\\nimport uvicorn\\napp = FastAPI()\\n@app.get(\\\"/health\\\")\\ndef health():\\n    return {\\\"status\\\": \\\"healthy\\\"}\\nuvicorn.run(app, host=\\\"0.0.0.0\\\", port=3001)' \u003e app.py \u0026\u0026 python app.py\"],\"environment\":[{\"name\":\"ARTIFACTS_BUCKET\",\"value\":\"pkg-artifacts\"},{\"name\":\"AWS_REGION\",\"value\":\"us-east-1\"},{\"name\":\"DDB_TABLE_DOWNLOADS\",\"value\":\"downloads\"},{\"name\":\"DDB_TABLE_PACKAGES\",\"value\":\"packages\"},{\"name\":\"DDB_TABLE_TOKENS\",\"value\":\"tokens\"},{\"name\":\"DDB_TABLE_UPLOADS\",\"value\":\"uploads\"},{\"name\":\"DDB_TABLE_USERS\",\"value\":\"users\"},{\"name\":\"PORT\",\"value\":\"3001\"},{\"name\":\"PYTHON_ENV\",\"value\":\"production\"}],\"essential\":true,\"healthCheck\":{\"command\":[\"CMD-SHELL\",\"curl -f http://localhost:3001/health || exit 1\"],\"interval\":30,\"retries\":3,\"startPeriod\":60,\"timeout\":5},\"image\":\"python:3.12-slim\",\"logConfiguration\":{\"logDriver\":\"awslogs\",\"options\":{\"awslogs-group\":\"/ecs/validator-service\",\"awslogs-region\":\"us-east-1\",\"awslogs-stream-prefix\":\"ecs\"}},\"mountPoints\":[],\"name\":\"validator-service\",\"portMappings\":[{\"containerPort\":3001,\"hostPort\":3001,\"protocol\":\"tcp\"}],\"systemControls\":[],\"volumesFrom\":[]}]",
            "cpu": "256",
            "enable_fault_injection": false,
            "ephemeral_storage": [],
            "execution_role_arn": "arn:aws:iam::838693051036:role/ecs-execution-role",
            "family": "validator-service",
            "id": "validator-service",
            "ipc_mode": "",
            "memory": "512",
            "network_mode": "awsvpc",
            "pid_mode": "",
            "placement_constraints": [],
            "proxy_configuration": [],
            "region": "us-east-1",
            "requires_compatibilities": [
              "FARGATE"
            ],
            "revision": 5,
            "runtime_platform": [],
            "skip_destroy": false,
            "tags": {},
            "tags_all": {},
            "task_role_arn": "arn:aws:iam::838693051036:role/ecs-task-role",
            "track_latest": false,
            "volume": []
          },
          "sensitive_attributes": [],
          "identity_schema_version": 0,
          "private": "eyJzY2hlbWFfdmVyc2lvbiI6IjEifQ==",
          "dependencies": [
            "module.ecs.aws_cloudwatch_log_group.validator_logs",
            "module.ecs.aws_iam_role.ecs_execution_role",
            "module.ecs.aws_iam_role.ecs_task_role"
          ]
        }
      ]
    },
    {
      "module": "module.ecs",
      "mode": "managed",
      "type": "aws_iam_policy",
      "name": "ecs_task_policy",
      "provider": "provider[\"registry.terraform.io/hashicorp/aws\"]",
      "instances": [
        {
          "schema_version": 0,
          "attributes": {
            "arn": "arn:aws:iam::838693051036:policy/ecs-task-policy",
            "attachment_count": 1,
            "description": "",
            "id": "arn:aws:iam::838693051036:policy/ecs-task-policy",
            "name": "ecs-task-policy",
            "name_prefix": "",
            "path": "/",
            "policy": "{\"Statement\":[{\"Action\":[\"s3:GetObject\",\"s3:ListBucket\"],\"Effect\":\"Allow\",\"Resource\":[\"arn:aws:s3:::pkg-artifacts\",\"arn:aws:s3:::pkg-artifacts/*\"]},{\"Action\":[\"dynamodb:GetItem\",\"dynamodb:PutItem\",\"dynamodb:UpdateItem\",\"dynamodb:Query\"],\"Effect\":\"Allow\",\"Resource\":[\"arn:aws:dynamodb:us-east-1:838693051036:table/downloads\",\"arn:aws:dynamodb:us-east-1:838693051036:table/packages\",\"arn:aws:dynamodb:us-east-1:838693051036:table/tokens\",\"arn:aws:dynamodb:us-east-1:838693051036:table/uploads\",\"arn:aws:dynamodb:us-east-1:838693051036:table/users\"]}],\"Version\":\"2012-10-17\"}",
            "policy_id": "ANPA4GRQALKOISOE6FIIE",
            "tags": {},
            "tags_all": {}
          },
          "sensitive_attributes": [],
          "identity_schema_version": 0,
          "identity": {
            "arn": "arn:aws:iam::838693051036:policy/ecs-task-policy"
          },
          "private": "bnVsbA=="
        }
      ]
    },
    {
      "module": "module.ecs",
      "mode": "managed",
      "type": "aws_iam_role",
      "name": "ecs_execution_role",
      "provider": "provider[\"registry.terraform.io/hashicorp/aws\"]",
      "instances": [
        {
          "schema_version": 0,
          "attributes": {
            "arn": "arn:aws:iam::838693051036:role/ecs-execution-role",
            "assume_role_policy": "{\"Statement\":[{\"Action\":\"sts:AssumeRole\",\"Effect\":\"Allow\",\"Principal\":{\"Service\":\"ecs-tasks.amazonaws.com\"}}],\"Version\":\"2012-10-17\"}",
            "create_date": "2025-10-14T19:25:34Z",
            "description": "",
            "force_detach_policies": false,
            "id": "ecs-execution-role",
            "inline_policy": [],
            "managed_policy_arns": [
              "arn:aws:iam::aws:policy/service-role/AmazonECSTaskExecutionRolePolicy"
            ],
            "max_session_duration": 3600,
            "name": "ecs-execution-role",
            "name_prefix": "",
            "path": "/",
            "permissions_boundary": "",
            "tags": {},
            "tags_all": {},
            "unique_id": "AROA4GRQALKOASMTTLHS3"
          },
          "sensitive_attributes": [],
          "identity_schema_version": 0,
          "identity": {
            "account_id": "838693051036",
            "name": "ecs-execution-role"
          },
          "private": "bnVsbA=="
        }
      ]
    },
    {
      "module": "module.ecs",
      "mode": "managed",
      "type": "aws_iam_role",
      "name": "ecs_task_role",
      "provider": "provider[\"registry.terraform.io/hashicorp/aws\"]",
      "instances": [
        {
          "schema_version": 0,
          "attributes": {
            "arn": "arn:aws:iam::838693051036:role/ecs-task-role",
            "assume_role_policy": "{\"Statement\":[{\"Action\":\"sts:AssumeRole\",\"Effect\":\"Allow\",\"Principal\":{\"Service\":\"ecs-tasks.amazonaws.com\"}}],\"Version\":\"2012-10-17\"}",
            "create_date": "2025-10-14T19:25:34Z",
            "description": "",
            "force_detach_policies": false,
            "id": "ecs-task-role",
            "inline_policy": [],
            "managed_policy_arns": [
              "arn:aws:iam::838693051036:policy/ecs-task-policy"
            ],
            "max_session_duration": 3600,
            "name": "ecs-task-role",
            "name_prefix": "",
            "path": "/",
            "permissions_boundary": "",
            "tags": {},
            "tags_all": {},
            "unique_id": "AROA4GRQALKOPIFHSBZOA"
          },
          "sensitive_attributes": [],
          "identity_schema_version": 0,
          "identity": {
            "account_id": "838693051036",
            "name": "ecs-task-role"
          },
          "private": "bnVsbA=="
        }
      ]
    },
    {
      "module": "module.ecs",
      "mode": "managed",
      "type": "aws_iam_role_policy_attachment",
      "name": "ecs_execution_role_policy",
      "provider": "provider[\"registry.terraform.io/hashicorp/aws\"]",
      "instances": [
        {
          "schema_version": 0,
          "attributes": {
            "id": "ecs-execution-role/arn:aws:iam::aws:policy/service-role/AmazonECSTaskExecutionRolePolicy",
            "policy_arn": "arn:aws:iam::aws:policy/service-role/AmazonECSTaskExecutionRolePolicy",
            "role": "ecs-execution-role"
          },
          "sensitive_attributes": [],
          "identity_schema_version": 0,
          "identity": {
            "account_id": "838693051036",
            "policy_arn": "arn:aws:iam::aws:policy/service-role/AmazonECSTaskExecutionRolePolicy",
            "role": "ecs-execution-role"
          },
          "private": "bnVsbA==",
          "dependencies": [
            "module.ecs.aws_iam_role.ecs_execution_role"
          ]
        }
      ]
    },
    {
      "module": "module.ecs",
      "mode": "managed",
      "type": "aws_iam_role_policy_attachment",
      "name": "ecs_task_role_policy",
      "provider": "provider[\"registry.terraform.io/hashicorp/aws\"]",
      "instances": [
        {
          "schema_version": 0,
          "attributes": {
            "id": "ecs-task-role/arn:aws:iam::838693051036:policy/ecs-task-policy",
            "policy_arn": "arn:aws:iam::838693051036:policy/ecs-task-policy",
            "role": "ecs-task-role"
          },
          "sensitive_attributes": [],
          "identity_schema_version": 0,
          "identity": {
            "account_id": "838693051036",
            "policy_arn": "arn:aws:iam::838693051036:policy/ecs-task-policy",
            "role": "ecs-task-role"
          },
          "private": "bnVsbA==",
          "dependencies": [
            "module.ecs.aws_iam_policy.ecs_task_policy",
            "module.ecs.aws_iam_role.ecs_task_role"
          ]
        }
      ]
    },
    {
      "module": "module.ecs",
      "mode": "managed",
      "type": "aws_internet_gateway",
      "name": "validator_igw",
      "provider": "provider[\"registry.terraform.io/hashicorp/aws\"]",
      "instances": [
        {
          "schema_version": 0,
          "attributes": {
            "arn": "arn:aws:ec2:us-east-1:838693051036:internet-gateway/igw-0c197294fff722b33",
            "id": "igw-0c197294fff722b33",
            "owner_id": "838693051036",
            "region": "us-east-1",
            "tags": {
              "Name": "validator-igw"
            },
            "tags_all": {
              "Name": "validator-igw"
            },
            "timeouts": null,
            "vpc_id": "vpc-0823e2a14f6aa023f"
          },
          "sensitive_attributes": [],
          "identity_schema_version": 0,
          "private": "eyJlMmJmYjczMC1lY2FhLTExZTYtOGY4OC0zNDM2M2JjN2M0YzAiOnsiY3JlYXRlIjoxMjAwMDAwMDAwMDAwLCJkZWxldGUiOjEyMDAwMDAwMDAwMDAsInVwZGF0ZSI6MTIwMDAwMDAwMDAwMH19",
          "dependencies": [
            "module.ecs.aws_vpc.validator_vpc"
          ]
        }
      ]
    },
    {
      "module": "module.ecs",
      "mode": "managed",
      "type": "aws_lb",
      "name": "validator_lb",
      "provider": "provider[\"registry.terraform.io/hashicorp/aws\"]",
      "instances": [
        {
          "schema_version": 0,
          "attributes": {
            "access_logs": [
              {
                "bucket": "",
                "enabled": false,
                "prefix": ""
              }
            ],
            "arn": "arn:aws:elasticloadbalancing:us-east-1:838693051036:loadbalancer/app/validator-lb/047eef966c56b0cf",
            "arn_suffix": "app/validator-lb/047eef966c56b0cf",
            "client_keep_alive": 3600,
            "connection_logs": [
              {
                "bucket": "",
                "enabled": false,
                "prefix": ""
              }
            ],
            "customer_owned_ipv4_pool": "",
            "desync_mitigation_mode": "defensive",
            "dns_name": "validator-lb-727503296.us-east-1.elb.amazonaws.com",
            "dns_record_client_routing_policy": null,
            "drop_invalid_header_fields": false,
            "enable_cross_zone_load_balancing": true,
            "enable_deletion_protection": false,
            "enable_http2": true,
            "enable_tls_version_and_cipher_suite_headers": false,
            "enable_waf_fail_open": false,
            "enable_xff_client_port": false,
            "enable_zonal_shift": false,
            "enforce_security_group_inbound_rules_on_private_link_traffic": "",
            "id": "arn:aws:elasticloadbalancing:us-east-1:838693051036:loadbalancer/app/validator-lb/047eef966c56b0cf",
            "idle_timeout": 60,
            "internal": false,
            "ip_address_type": "ipv4",
            "ipam_pools": [],
            "load_balancer_type": "application",
            "minimum_load_balancer_capacity": [],
            "name": "validator-lb",
            "name_prefix": "",
            "preserve_host_header": false,
            "region": "us-east-1",
            "secondary_ips_auto_assigned_per_subnet": null,
            "security_groups": [
              "sg-08cac865d80460825"
            ],
            "subnet_mapping": [
              {
                "allocation_id": "",
                "ipv6_address": "",
                "outpost_id": "",
                "private_ipv4_address": "",
                "subnet_id": "subnet-0326c3f0b0293b419"
              },
              {
                "allocation_id": "",
                "ipv6_address": "",
                "outpost_id": "",
                "private_ipv4_address": "",
                "subnet_id": "subnet-09d712845cafa5f2a"
              }
            ],
            "subnets": [
              "subnet-0326c3f0b0293b419",
              "subnet-09d712845cafa5f2a"
            ],
            "tags": {
              "Name": "validator-lb"
            },
            "tags_all": {
              "Name": "validator-lb"
            },
            "timeouts": null,
            "vpc_id": "vpc-0823e2a14f6aa023f",
            "xff_header_processing_mode": "append",
            "zone_id": "Z35SXDOTRQ7X7K"
          },
          "sensitive_attributes": [],
          "identity_schema_version": 0,
          "identity": {
            "arn": "arn:aws:elasticloadbalancing:us-east-1:838693051036:loadbalancer/app/validator-lb/047eef966c56b0cf"
          },
          "private": "eyJlMmJmYjczMC1lY2FhLTExZTYtOGY4OC0zNDM2M2JjN2M0YzAiOnsiY3JlYXRlIjo2MDAwMDAwMDAwMDAsImRlbGV0ZSI6NjAwMDAwMDAwMDAwLCJ1cGRhdGUiOjYwMDAwMDAwMDAwMH19",
          "dependencies": [
            "module.ecs.aws_security_group.validator_sg",
            "module.ecs.aws_subnet.validator_subnet_1",
            "module.ecs.aws_subnet.validator_subnet_2",
            "module.ecs.aws_vpc.validator_vpc"
          ],
          "create_before_destroy": true
        }
      ]
    },
    {
      "module": "module.ecs",
      "mode": "managed",
      "type": "aws_lb_listener",
      "name": "validator_listener",
      "provider": "provider[\"registry.terraform.io/hashicorp/aws\"]",
      "instances": [
        {
          "schema_version": 0,
          "attributes": {
            "alpn_policy": null,
            "arn": "arn:aws:elasticloadbalancing:us-east-1:838693051036:listener/app/validator-lb/047eef966c56b0cf/e031bfcc25cca3ee",
            "certificate_arn": null,
            "default_action": [
              {
                "authenticate_cognito": [],
                "authenticate_oidc": [],
                "fixed_response": [],
                "forward": [],
                "order": 1,
                "redirect": [],
                "target_group_arn": "arn:aws:elasticloadbalancing:us-east-1:838693051036:targetgroup/validator-tg/b4dbc90218197592",
                "type": "forward"
              }
            ],
            "id": "arn:aws:elasticloadbalancing:us-east-1:838693051036:listener/app/validator-lb/047eef966c56b0cf/e031bfcc25cca3ee",
            "load_balancer_arn": "arn:aws:elasticloadbalancing:us-east-1:838693051036:loadbalancer/app/validator-lb/047eef966c56b0cf",
            "mutual_authentication": [],
            "port": 80,
            "protocol": "HTTP",
            "region": "us-east-1",
            "routing_http_request_x_amzn_mtls_clientcert_header_name": null,
            "routing_http_request_x_amzn_mtls_clientcert_issuer_header_name": null,
            "routing_http_request_x_amzn_mtls_clientcert_leaf_header_name": null,
            "routing_http_request_x_amzn_mtls_clientcert_serial_number_header_name": null,
            "routing_http_request_x_amzn_mtls_clientcert_subject_header_name": null,
            "routing_http_request_x_amzn_mtls_clientcert_validity_header_name": null,
            "routing_http_request_x_amzn_tls_cipher_suite_header_name": null,
            "routing_http_request_x_amzn_tls_version_header_name": null,
            "routing_http_response_access_control_allow_credentials_header_value": "",
            "routing_http_response_access_control_allow_headers_header_value": "",
            "routing_http_response_access_control_allow_methods_header_value": "",
            "routing_http_response_access_control_allow_origin_header_value": "",
            "routing_http_response_access_control_expose_headers_header_value": "",
            "routing_http_response_access_control_max_age_header_value": "",
            "routing_http_response_content_security_policy_header_value": "",
            "routing_http_response_server_enabled": true,
            "routing_http_response_strict_transport_security_header_value": "",
            "routing_http_response_x_content_type_options_header_value": "",
            "routing_http_response_x_frame_options_header_value": "",
            "ssl_policy": "",
            "tags": {},
            "tags_all": {},
            "tcp_idle_timeout_seconds": null,
            "timeouts": null
          },
          "sensitive_attributes": [],
          "identity_schema_version": 0,
          "identity": {
            "arn": "arn:aws:elasticloadbalancing:us-east-1:838693051036:listener/app/validator-lb/047eef966c56b0cf/e031bfcc25cca3ee"
          },
          "private": "eyJlMmJmYjczMC1lY2FhLTExZTYtOGY4OC0zNDM2M2JjN2M0YzAiOnsiY3JlYXRlIjozMDAwMDAwMDAwMDAsInVwZGF0ZSI6MzAwMDAwMDAwMDAwfX0=",
          "dependencies": [
            "module.ecs.aws_lb.validator_lb",
            "module.ecs.aws_lb_target_group.validator_tg",
            "module.ecs.aws_security_group.validator_sg",
            "module.ecs.aws_subnet.validator_subnet_1",
            "module.ecs.aws_subnet.validator_subnet_2",
            "module.ecs.aws_vpc.validator_vpc"
          ]
        }
      ]
    },
    {
      "module": "module.ecs",
      "mode": "managed",
      "type": "aws_lb_target_group",
      "name": "validator_tg",
      "provider": "provider[\"registry.terraform.io/hashicorp/aws\"]",
      "instances": [
        {
          "schema_version": 0,
          "attributes": {
            "arn": "arn:aws:elasticloadbalancing:us-east-1:838693051036:targetgroup/validator-tg/b4dbc90218197592",
            "arn_suffix": "targetgroup/validator-tg/b4dbc90218197592",
            "connection_termination": null,
            "deregistration_delay": "300",
            "health_check": [
              {
                "enabled": true,
                "healthy_threshold": 2,
                "interval": 30,
                "matcher": "200",
                "path": "/health",
                "port": "traffic-port",
                "protocol": "HTTP",
                "timeout": 5,
                "unhealthy_threshold": 2
              }
            ],
            "id": "arn:aws:elasticloadbalancing:us-east-1:838693051036:targetgroup/validator-tg/b4dbc90218197592",
            "ip_address_type": "ipv4",
            "lambda_multi_value_headers_enabled": false,
            "load_balancer_arns": [
              "arn:aws:elasticloadbalancing:us-east-1:838693051036:loadbalancer/app/validator-lb/047eef966c56b0cf"
            ],
            "load_balancing_algorithm_type": "round_robin",
            "load_balancing_anomaly_mitigation": "off",
            "load_balancing_cross_zone_enabled": "use_load_balancer_configuration",
            "name": "validator-tg",
            "name_prefix": "",
            "port": 3001,
            "preserve_client_ip": null,
            "protocol": "HTTP",
            "protocol_version": "HTTP1",
            "proxy_protocol_v2": false,
            "region": "us-east-1",
            "slow_start": 0,
            "stickiness": [
              {
                "cookie_duration": 86400,
                "cookie_name": "",
                "enabled": false,
                "type": "lb_cookie"
              }
            ],
            "tags": {},
            "tags_all": {},
            "target_failover": [
              {
                "on_deregistration": null,
                "on_unhealthy": null
              }
            ],
            "target_group_health": [
              {
                "dns_failover": [
                  {
                    "minimum_healthy_targets_count": "1",
                    "minimum_healthy_targets_percentage": "off"
                  }
                ],
                "unhealthy_state_routing": [
                  {
                    "minimum_healthy_targets_count": 1,
                    "minimum_healthy_targets_percentage": "off"
                  }
                ]
              }
            ],
            "target_health_state": [
              {
                "enable_unhealthy_connection_termination": null,
                "unhealthy_draining_interval": null
              }
            ],
            "target_type": "ip",
            "vpc_id": "vpc-0823e2a14f6aa023f"
          },
          "sensitive_attributes": [],
          "identity_schema_version": 0,
          "identity": {
            "arn": "arn:aws:elasticloadbalancing:us-east-1:838693051036:targetgroup/validator-tg/b4dbc90218197592"
          },
          "private": "bnVsbA==",
          "dependencies": [
            "module.ecs.aws_vpc.validator_vpc"
          ]
        }
      ]
    },
    {
      "module": "module.ecs",
      "mode": "managed",
      "type": "aws_route_table",
      "name": "validator_rt",
      "provider": "provider[\"registry.terraform.io/hashicorp/aws\"]",
      "instances": [
        {
          "schema_version": 0,
          "attributes": {
            "arn": "arn:aws:ec2:us-east-1:838693051036:route-table/rtb-0f5d4f991953d4cc7",
            "id": "rtb-0f5d4f991953d4cc7",
            "owner_id": "838693051036",
            "propagating_vgws": [],
            "region": "us-east-1",
            "route": [
              {
                "carrier_gateway_id": "",
                "cidr_block": "0.0.0.0/0",
                "core_network_arn": "",
                "destination_prefix_list_id": "",
                "egress_only_gateway_id": "",
                "gateway_id": "igw-0c197294fff722b33",
                "ipv6_cidr_block": "",
                "local_gateway_id": "",
                "nat_gateway_id": "",
                "network_interface_id": "",
                "transit_gateway_id": "",
                "vpc_endpoint_id": "",
                "vpc_peering_connection_id": ""
              }
            ],
            "tags": {
              "Name": "validator-rt"
            },
            "tags_all": {
              "Name": "validator-rt"
            },
            "timeouts": null,
            "vpc_id": "vpc-0823e2a14f6aa023f"
          },
          "sensitive_attributes": [],
          "identity_schema_version": 0,
          "identity": {
            "account_id": "838693051036",
            "id": "rtb-0f5d4f991953d4cc7",
            "region": "us-east-1"
          },
          "private": "eyJlMmJmYjczMC1lY2FhLTExZTYtOGY4OC0zNDM2M2JjN2M0YzAiOnsiY3JlYXRlIjozMDAwMDAwMDAwMDAsImRlbGV0ZSI6MzAwMDAwMDAwMDAwLCJ1cGRhdGUiOjEyMDAwMDAwMDAwMH19",
          "dependencies": [
            "module.ecs.aws_internet_gateway.validator_igw",
            "module.ecs.aws_vpc.validator_vpc"
          ]
        }
      ]
    },
    {
      "module": "module.ecs",
      "mode": "managed",
      "type": "aws_route_table_association",
      "name": "validator_rta",
      "provider": "provider[\"registry.terraform.io/hashicorp/aws\"]",
      "instances": [
        {
          "schema_version": 0,
          "attributes": {
            "gateway_id": "",
            "id": "rtbassoc-0eac599f8779b9033",
            "region": "us-east-1",
            "route_table_id": "rtb-0f5d4f991953d4cc7",
            "subnet_id": "subnet-09d712845cafa5f2a",
            "timeouts": null
          },
          "sensitive_attributes": [],
          "identity_schema_version": 0,
          "private": "eyJlMmJmYjczMC1lY2FhLTExZTYtOGY4OC0zNDM2M2JjN2M0YzAiOnsiY3JlYXRlIjozMDAwMDAwMDAwMDAsImRlbGV0ZSI6MzAwMDAwMDAwMDAwLCJ1cGRhdGUiOjEyMDAwMDAwMDAwMH19",
          "dependencies": [
            "module.ecs.aws_internet_gateway.validator_igw",
            "module.ecs.aws_route_table.validator_rt",
            "module.ecs.aws_subnet.validator_subnet_1",
            "module.ecs.aws_vpc.validator_vpc"
          ]
        }
      ]
    },
    {
      "module": "module.ecs",
      "mode": "managed",
      "type": "aws_security_group",
      "name": "validator_sg",
      "provider": "provider[\"registry.terraform.io/hashicorp/aws\"]",
      "instances": [
        {
          "schema_version": 1,
          "attributes": {
            "arn": "arn:aws:ec2:us-east-1:838693051036:security-group/sg-08cac865d80460825",
            "description": "Managed by Terraform",
            "egress": [
              {
                "cidr_blocks": [
                  "0.0.0.0/0"
                ],
                "description": "",
                "from_port": 0,
                "ipv6_cidr_blocks": [],
                "prefix_list_ids": [],
                "protocol": "-1",
                "security_groups": [],
                "self": false,
                "to_port": 0
              }
            ],
            "id": "sg-08cac865d80460825",
            "ingress": [
              {
                "cidr_blocks": [
                  "0.0.0.0/0"
                ],
                "description": "",
                "from_port": 3001,
                "ipv6_cidr_blocks": [],
                "prefix_list_ids": [],
                "protocol": "tcp",
                "security_groups": [],
                "self": false,
                "to_port": 3001
              }
            ],
            "name": "validator-sg20251014192546437700000003",
            "name_prefix": "validator-sg",
            "owner_id": "838693051036",
            "region": "us-east-1",
            "revoke_rules_on_delete": false,
            "tags": {
              "Name": "validator-sg"
            },
            "tags_all": {
              "Name": "validator-sg"
            },
            "timeouts": null,
            "vpc_id": "vpc-0823e2a14f6aa023f"
          },
          "sensitive_attributes": [],
          "identity_schema_version": 0,
          "identity": {
            "account_id": "838693051036",
            "id": "sg-08cac865d80460825",
            "region": "us-east-1"
          },
          "private": "eyJlMmJmYjczMC1lY2FhLTExZTYtOGY4OC0zNDM2M2JjN2M0YzAiOnsiY3JlYXRlIjo2MDAwMDAwMDAwMDAsImRlbGV0ZSI6OTAwMDAwMDAwMDAwfSwic2NoZW1hX3ZlcnNpb24iOiIxIn0=",
          "dependencies": [
            "module.ecs.aws_vpc.validator_vpc"
          ],
          "create_before_destroy": true
        }
      ]
    },
    {
      "module": "module.ecs",
      "mode": "managed",
      "type": "aws_subnet",
      "name": "validator_subnet_1",
      "provider": "provider[\"registry.terraform.io/hashicorp/aws\"]",
      "instances": [
        {
          "schema_version": 1,
          "attributes": {
            "arn": "arn:aws:ec2:us-east-1:838693051036:subnet/subnet-09d712845cafa5f2a",
            "assign_ipv6_address_on_creation": false,
            "availability_zone": "us-east-1a",
            "availability_zone_id": "use1-az1",
            "cidr_block": "10.0.10.0/24",
            "customer_owned_ipv4_pool": "",
            "enable_dns64": false,
            "enable_lni_at_device_index": 0,
            "enable_resource_name_dns_a_record_on_launch": false,
            "enable_resource_name_dns_aaaa_record_on_launch": false,
            "id": "subnet-09d712845cafa5f2a",
            "ipv6_cidr_block": "",
            "ipv6_cidr_block_association_id": "",
            "ipv6_native": false,
            "map_customer_owned_ip_on_launch": false,
            "map_public_ip_on_launch": true,
            "outpost_arn": "",
            "owner_id": "838693051036",
            "private_dns_hostname_type_on_launch": "ip-name",
            "region": "us-east-1",
            "tags": {
              "Name": "validator-subnet-1"
            },
            "tags_all": {
              "Name": "validator-subnet-1"
            },
            "timeouts": null,
            "vpc_id": "vpc-0823e2a14f6aa023f"
          },
          "sensitive_attributes": [],
          "identity_schema_version": 0,
          "identity": {
            "account_id": "838693051036",
            "id": "subnet-09d712845cafa5f2a",
            "region": "us-east-1"
          },
          "private": "eyJlMmJmYjczMC1lY2FhLTExZTYtOGY4OC0zNDM2M2JjN2M0YzAiOnsiY3JlYXRlIjo2MDAwMDAwMDAwMDAsImRlbGV0ZSI6MTIwMDAwMDAwMDAwMH0sInNjaGVtYV92ZXJzaW9uIjoiMSJ9",
          "dependencies": [
            "module.ecs.aws_vpc.validator_vpc"
          ],
          "create_before_destroy": true
        }
      ]
    },
    {
      "module": "module.ecs",
      "mode": "managed",
      "type": "aws_subnet",
      "name": "validator_subnet_2",
      "provider": "provider[\"registry.terraform.io/hashicorp/aws\"]",
      "instances": [
        {
          "schema_version": 1,
          "attributes": {
            "arn": "arn:aws:ec2:us-east-1:838693051036:subnet/subnet-0326c3f0b0293b419",
            "assign_ipv6_address_on_creation": false,
            "availability_zone": "us-east-1b",
            "availability_zone_id": "use1-az2",
            "cidr_block": "10.0.20.0/24",
            "customer_owned_ipv4_pool": "",
            "enable_dns64": false,
            "enable_lni_at_device_index": 0,
            "enable_resource_name_dns_a_record_on_launch": false,
            "enable_resource_name_dns_aaaa_record_on_launch": false,
            "id": "subnet-0326c3f0b0293b419",
            "ipv6_cidr_block": "",
            "ipv6_cidr_block_association_id": "",
            "ipv6_native": false,
            "map_customer_owned_ip_on_launch": false,
            "map_public_ip_on_launch": true,
            "outpost_arn": "",
            "owner_id": "838693051036",
            "private_dns_hostname_type_on_launch": "ip-name",
            "region": "us-east-1",
            "tags": {
              "Name": "validator-subnet-2"
            },
            "tags_all": {
              "Name": "validator-subnet-2"
            },
            "timeouts": null,
            "vpc_id": "vpc-0823e2a14f6aa023f"
          },
          "sensitive_attributes": [],
          "identity_schema_version": 0,
          "identity": {
            "account_id": "838693051036",
            "id": "subnet-0326c3f0b0293b419",
            "region": "us-east-1"
          },
          "private": "eyJlMmJmYjczMC1lY2FhLTExZTYtOGY4OC0zNDM2M2JjN2M0YzAiOnsiY3JlYXRlIjo2MDAwMDAwMDAwMDAsImRlbGV0ZSI6MTIwMDAwMDAwMDAwMH0sInNjaGVtYV92ZXJzaW9uIjoiMSJ9",
          "dependencies": [
            "module.ecs.aws_vpc.validator_vpc"
          ],
          "create_before_destroy": true
        }
      ]
    },
    {
      "module": "module.ecs",
      "mode": "managed",
      "type": "aws_vpc",
      "name": "validator_vpc",
      "provider": "provider[\"registry.terraform.io/hashicorp/aws\"]",
      "instances": [
        {
          "schema_version": 1,
          "attributes": {
            "arn": "arn:aws:ec2:us-east-1:838693051036:vpc/vpc-0823e2a14f6aa023f",
            "assign_generated_ipv6_cidr_block": false,
            "cidr_block": "10.0.0.0/16",
            "default_network_acl_id": "acl-00153e4de13810109",
            "default_route_table_id": "rtb-0ad3a623f1b291a66",
            "default_security_group_id": "sg-094c21fb7a9543f53",
            "dhcp_options_id": "dopt-0eb5b52a67aba1f28",
            "enable_dns_hostnames": true,
            "enable_dns_support": true,
            "enable_network_address_usage_metrics": false,
            "id": "vpc-0823e2a14f6aa023f",
            "instance_tenancy": "default",
            "ipv4_ipam_pool_id": null,
            "ipv4_netmask_length": null,
            "ipv6_association_id": "",
            "ipv6_cidr_block": "",
            "ipv6_cidr_block_network_border_group": "",
            "ipv6_ipam_pool_id": "",
            "ipv6_netmask_length": 0,
            "main_route_table_id": "rtb-0ad3a623f1b291a66",
            "owner_id": "838693051036",
            "region": "us-east-1",
            "tags": {
              "Name": "validator-vpc"
            },
            "tags_all": {
              "Name": "validator-vpc"
            }
          },
          "sensitive_attributes": [],
          "identity_schema_version": 0,
          "private": "eyJzY2hlbWFfdmVyc2lvbiI6IjEifQ==",
          "create_before_destroy": true
        }
      ]
    },
    {
      "module": "module.iam",
      "mode": "managed",
      "type": "aws_iam_policy",
      "name": "group106_policy",
      "provider": "provider[\"registry.terraform.io/hashicorp/aws\"]",
      "instances": [
        {
          "schema_version": 0,
          "attributes": {
            "arn": "arn:aws:iam::838693051036:policy/group106_project_policy",
            "attachment_count": 0,
            "description": "",
            "id": "arn:aws:iam::838693051036:policy/group106_project_policy",
            "name": "group106_project_policy",
            "name_prefix": "",
            "path": "/",
            "policy": "{\"Statement\":[{\"Action\":[\"s3:PutObject\",\"s3:GetObject\",\"s3:AbortMultipartUpload\",\"s3:CreateMultipartUpload\",\"s3:ListBucketMultipartUploads\",\"s3:ListBucket\"],\"Effect\":\"Allow\",\"Resource\":[\"arn:aws:s3:::pkg-artifacts\",\"arn:aws:s3:::pkg-artifacts/packages/*\",\"arn:aws:s3:::pkg-artifacts/validators/*\"]},{\"Action\":[\"dynamodb:PutItem\",\"dynamodb:GetItem\",\"dynamodb:UpdateItem\",\"dynamodb:Query\"],\"Effect\":\"Allow\",\"Resource\":[\"arn:aws:dynamodb:us-east-1:838693051036:table/downloads\",\"arn:aws:dynamodb:us-east-1:838693051036:table/packages\",\"arn:aws:dynamodb:us-east-1:838693051036:table/tokens\",\"arn:aws:dynamodb:us-east-1:838693051036:table/uploads\",\"arn:aws:dynamodb:us-east-1:838693051036:table/users\"]}],\"Version\":\"2012-10-17\"}",
            "policy_id": "ANPA4GRQALKOJPYXLNVRB",
            "tags": {},
            "tags_all": {}
          },
          "sensitive_attributes": [],
          "identity_schema_version": 0,
          "identity": {
            "arn": "arn:aws:iam::838693051036:policy/group106_project_policy"
          },
          "private": "eyJzY2hlbWFfdmVyc2lvbiI6IjAifQ=="
        }
      ]
    },
    {
      "module": "module.monitoring",
      "mode": "managed",
      "type": "aws_cloudwatch_dashboard",
      "name": "main_dashboard",
      "provider": "provider[\"registry.terraform.io/hashicorp/aws\"]",
      "instances": [
        {
          "schema_version": 0,
          "attributes": {
            "dashboard_arn": "arn:aws:cloudwatch::838693051036:dashboard/acme-main-dashboard",
            "dashboard_body": "{\"widgets\":[{\"height\":6,\"properties\":{\"metrics\":[[\"AWS/ECS\",\"CPUUtilization\",\"ServiceName\",\"validator-service\",\"ClusterName\",\"validator-cluster\"],[\".\",\"MemoryUtilization\",\".\",\".\",\".\",\".\"],[\".\",\"RunningTaskCount\",\".\",\".\",\".\",\".\"]],\"period\":300,\"region\":\"us-east-1\",\"stacked\":false,\"title\":\"ECS Validator Service Metrics\",\"view\":\"timeSeries\"},\"type\":\"metric\",\"width\":12,\"x\":0,\"y\":0},{\"height\":6,\"properties\":{\"metrics\":[[\"AWS/DynamoDB\",\"ConsumedReadCapacityUnits\",\"TableName\",\"packages\"],[\".\",\"ConsumedWriteCapacityUnits\",\".\",\".\"],[\".\",\"ConsumedReadCapacityUnits\",\"TableName\",\"users\"],[\".\",\"ConsumedWriteCapacityUnits\",\".\",\".\"]],\"period\":300,\"region\":\"us-east-1\",\"stacked\":false,\"title\":\"DynamoDB Metrics\",\"view\":\"timeSeries\"},\"type\":\"metric\",\"width\":12,\"x\":0,\"y\":6},{\"height\":6,\"properties\":{\"metrics\":[[\"AWS/S3\",\"BucketSizeBytes\",\"BucketName\",\"pkg-artifacts\",\"StorageType\",\"StandardStorage\"],[\".\",\"NumberOfObjects\",\".\",\".\",\".\",\".\"]],\"period\":300,\"region\":\"us-east-1\",\"stacked\":false,\"title\":\"S3 Bucket Metrics\",\"view\":\"timeSeries\"},\"type\":\"metric\",\"width\":12,\"x\":0,\"y\":12}]}",
            "dashboard_name": "acme-main-dashboard",
            "id": "acme-main-dashboard",
            "region": "us-east-1"
          },
          "sensitive_attributes": [],
          "identity_schema_version": 0,
          "private": "bnVsbA=="
        }
      ]
    },
    {
      "module": "module.monitoring",
      "mode": "managed",
      "type": "aws_cloudwatch_metric_alarm",
      "name": "validator_high_cpu",
      "provider": "provider[\"registry.terraform.io/hashicorp/aws\"]",
      "instances": [
        {
          "schema_version": 1,
          "attributes": {
            "actions_enabled": true,
            "alarm_actions": [],
            "alarm_description": "This metric monitors validator service CPU utilization",
            "alarm_name": "validator-high-cpu",
            "arn": "arn:aws:cloudwatch:us-east-1:838693051036:alarm:validator-high-cpu",
            "comparison_operator": "GreaterThanThreshold",
            "datapoints_to_alarm": 0,
            "dimensions": {
              "ClusterName": "validator-cluster",
              "ServiceName": "validator-service"
            },
            "evaluate_low_sample_count_percentiles": "",
            "evaluation_periods": 2,
            "extended_statistic": "",
            "id": "validator-high-cpu",
            "insufficient_data_actions": [],
            "metric_name": "CPUUtilization",
            "metric_query": [],
            "namespace": "AWS/ECS",
            "ok_actions": [],
            "period": 300,
            "region": "us-east-1",
            "statistic": "Average",
            "tags": {
              "Environment": "dev",
              "Name": "validator-high-cpu",
              "Project": "CS_450_Phase_2"
            },
            "tags_all": {
              "Environment": "dev",
              "Name": "validator-high-cpu",
              "Project": "CS_450_Phase_2"
            },
            "threshold": 80,
            "threshold_metric_id": "",
            "treat_missing_data": "missing",
            "unit": ""
          },
          "sensitive_attributes": [],
          "identity_schema_version": 0,
          "identity": {
            "account_id": "838693051036",
            "alarm_name": "validator-high-cpu",
            "region": "us-east-1"
          },
          "private": "eyJzY2hlbWFfdmVyc2lvbiI6IjEifQ=="
        }
      ]
    },
    {
      "module": "module.monitoring",
      "mode": "managed",
      "type": "aws_cloudwatch_metric_alarm",
      "name": "validator_high_memory",
      "provider": "provider[\"registry.terraform.io/hashicorp/aws\"]",
      "instances": [
        {
          "schema_version": 1,
          "attributes": {
            "actions_enabled": true,
            "alarm_actions": [],
            "alarm_description": "This metric monitors validator service memory utilization",
            "alarm_name": "validator-high-memory",
            "arn": "arn:aws:cloudwatch:us-east-1:838693051036:alarm:validator-high-memory",
            "comparison_operator": "GreaterThanThreshold",
            "datapoints_to_alarm": 0,
            "dimensions": {
              "ClusterName": "validator-cluster",
              "ServiceName": "validator-service"
            },
            "evaluate_low_sample_count_percentiles": "",
            "evaluation_periods": 2,
            "extended_statistic": "",
            "id": "validator-high-memory",
            "insufficient_data_actions": [],
            "metric_name": "MemoryUtilization",
            "metric_query": [],
            "namespace": "AWS/ECS",
            "ok_actions": [],
            "period": 300,
            "region": "us-east-1",
            "statistic": "Average",
            "tags": {
              "Environment": "dev",
              "Name": "validator-high-memory",
              "Project": "CS_450_Phase_2"
            },
            "tags_all": {
              "Environment": "dev",
              "Name": "validator-high-memory",
              "Project": "CS_450_Phase_2"
            },
            "threshold": 80,
            "threshold_metric_id": "",
            "treat_missing_data": "missing",
            "unit": ""
          },
          "sensitive_attributes": [],
          "identity_schema_version": 0,
          "identity": {
            "account_id": "838693051036",
            "alarm_name": "validator-high-memory",
            "region": "us-east-1"
          },
          "private": "eyJzY2hlbWFfdmVyc2lvbiI6IjEifQ=="
        }
      ]
    },
    {
      "module": "module.monitoring",
      "mode": "managed",
      "type": "aws_cloudwatch_metric_alarm",
      "name": "validator_task_count",
      "provider": "provider[\"registry.terraform.io/hashicorp/aws\"]",
      "instances": [
        {
          "schema_version": 1,
          "attributes": {
            "actions_enabled": true,
            "alarm_actions": [],
            "alarm_description": "This metric monitors validator service task count",
            "alarm_name": "validator-task-count",
            "arn": "arn:aws:cloudwatch:us-east-1:838693051036:alarm:validator-task-count",
            "comparison_operator": "LessThanThreshold",
            "datapoints_to_alarm": 0,
            "dimensions": {
              "ClusterName": "validator-cluster",
              "ServiceName": "validator-service"
            },
            "evaluate_low_sample_count_percentiles": "",
            "evaluation_periods": 2,
            "extended_statistic": "",
            "id": "validator-task-count",
            "insufficient_data_actions": [],
            "metric_name": "RunningTaskCount",
            "metric_query": [],
            "namespace": "AWS/ECS",
            "ok_actions": [],
            "period": 300,
            "region": "us-east-1",
            "statistic": "Average",
            "tags": {
              "Environment": "dev",
              "Name": "validator-task-count",
              "Project": "CS_450_Phase_2"
            },
            "tags_all": {
              "Environment": "dev",
              "Name": "validator-task-count",
              "Project": "CS_450_Phase_2"
            },
            "threshold": 1,
            "threshold_metric_id": "",
            "treat_missing_data": "missing",
            "unit": ""
          },
          "sensitive_attributes": [],
          "identity_schema_version": 0,
          "identity": {
            "account_id": "838693051036",
            "alarm_name": "validator-task-count",
            "region": "us-east-1"
          },
          "private": "eyJzY2hlbWFfdmVyc2lvbiI6IjEifQ=="
        }
      ]
    },
    {
      "module": "module.monitoring",
      "mode": "managed",
      "type": "aws_kms_alias",
      "name": "main_key_alias",
      "provider": "provider[\"registry.terraform.io/hashicorp/aws\"]",
      "instances": [
        {
          "schema_version": 0,
          "attributes": {
            "arn": "arn:aws:kms:us-east-1:838693051036:alias/acme-main-key",
            "id": "alias/acme-main-key",
            "name": "alias/acme-main-key",
            "name_prefix": "",
            "region": "us-east-1",
            "target_key_arn": "arn:aws:kms:us-east-1:838693051036:key/8bceba21-d653-4025-ac7d-7c4f7b271162",
            "target_key_id": "8bceba21-d653-4025-ac7d-7c4f7b271162"
          },
          "sensitive_attributes": [],
          "identity_schema_version": 0,
          "identity": {
            "account_id": "838693051036",
            "name": "alias/acme-main-key",
            "region": "us-east-1"
          },
          "private": "bnVsbA==",
          "dependencies": [
            "module.monitoring.aws_kms_key.main_key"
          ]
        }
      ]
    },
    {
      "module": "module.monitoring",
      "mode": "managed",
      "type": "aws_kms_key",
      "name": "main_key",
      "provider": "provider[\"registry.terraform.io/hashicorp/aws\"]",
      "instances": [
        {
          "schema_version": 0,
          "attributes": {
            "arn": "arn:aws:kms:us-east-1:838693051036:key/8bceba21-d653-4025-ac7d-7c4f7b271162",
            "bypass_policy_lockout_safety_check": false,
            "custom_key_store_id": "",
            "customer_master_key_spec": "SYMMETRIC_DEFAULT",
            "deletion_window_in_days": 7,
            "description": "KMS key for ACME project encryption",
            "enable_key_rotation": false,
            "id": "8bceba21-d653-4025-ac7d-7c4f7b271162",
            "is_enabled": true,
            "key_id": "8bceba21-d653-4025-ac7d-7c4f7b271162",
            "key_usage": "ENCRYPT_DECRYPT",
            "multi_region": false,
            "policy": "{\"Id\":\"key-default-1\",\"Statement\":[{\"Action\":\"kms:*\",\"Effect\":\"Allow\",\"Principal\":{\"AWS\":\"arn:aws:iam::838693051036:root\"},\"Resource\":\"*\",\"Sid\":\"Enable IAM User Permissions\"}],\"Version\":\"2012-10-17\"}",
            "region": "us-east-1",
            "rotation_period_in_days": 0,
            "tags": {
              "Environment": "dev",
              "Name": "acme-main-key",
              "Project": "CS_450_Phase_2"
            },
            "tags_all": {
              "Environment": "dev",
              "Name": "acme-main-key",
              "Project": "CS_450_Phase_2"
            },
            "timeouts": null,
            "xks_key_id": ""
          },
          "sensitive_attributes": [],
          "identity_schema_version": 0,
          "identity": {
            "account_id": "838693051036",
            "id": "8bceba21-d653-4025-ac7d-7c4f7b271162",
            "region": "us-east-1"
          },
          "private": "eyJlMmJmYjczMC1lY2FhLTExZTYtOGY4OC0zNDM2M2JjN2M0YzAiOnsiY3JlYXRlIjoxMjAwMDAwMDAwMDB9fQ=="
        }
      ]
    },
    {
      "module": "module.monitoring",
      "mode": "managed",
      "type": "aws_secretsmanager_secret",
      "name": "jwt_secret",
      "provider": "provider[\"registry.terraform.io/hashicorp/aws\"]",
      "instances": [
        {
          "schema_version": 0,
          "attributes": {
            "arn": "arn:aws:secretsmanager:us-east-1:838693051036:secret:acme-jwt-secret-lFC1MI",
            "description": "",
            "force_overwrite_replica_secret": false,
            "id": "arn:aws:secretsmanager:us-east-1:838693051036:secret:acme-jwt-secret-lFC1MI",
            "kms_key_id": "arn:aws:kms:us-east-1:838693051036:key/8bceba21-d653-4025-ac7d-7c4f7b271162",
            "name": "acme-jwt-secret",
            "name_prefix": "",
            "policy": "",
            "recovery_window_in_days": 30,
            "region": "us-east-1",
            "replica": [],
            "tags": {
              "Environment": "dev",
              "Name": "acme-jwt-secret",
              "Project": "CS_450_Phase_2"
            },
            "tags_all": {
              "Environment": "dev",
              "Name": "acme-jwt-secret",
              "Project": "CS_450_Phase_2"
            }
          },
          "sensitive_attributes": [],
          "identity_schema_version": 0,
          "identity": {
            "arn": "arn:aws:secretsmanager:us-east-1:838693051036:secret:acme-jwt-secret-lFC1MI"
          },
          "private": "bnVsbA==",
          "dependencies": [
            "module.monitoring.aws_kms_key.main_key"
          ]
        }
      ]
    },
    {
      "module": "module.monitoring",
      "mode": "managed",
      "type": "aws_secretsmanager_secret_version",
      "name": "jwt_secret",
      "provider": "provider[\"registry.terraform.io/hashicorp/aws\"]",
      "instances": [
        {
          "schema_version": 0,
          "attributes": {
            "arn": "arn:aws:secretsmanager:us-east-1:838693051036:secret:acme-jwt-secret-lFC1MI",
            "has_secret_string_wo": null,
            "id": "arn:aws:secretsmanager:us-east-1:838693051036:secret:acme-jwt-secret-lFC1MI|terraform-20251014192538721200000002",
            "region": "us-east-1",
            "secret_binary": "",
            "secret_id": "arn:aws:secretsmanager:us-east-1:838693051036:secret:acme-jwt-secret-lFC1MI",
            "secret_string": "{\"jwt_algorithm\":\"HS256\",\"jwt_expiration_hours\":10,\"jwt_max_uses\":1000,\"jwt_secret\":\"your-super-secret-jwt-key-change-this-in-production\"}",
            "secret_string_wo": null,
            "secret_string_wo_version": null,
            "version_id": "terraform-20251014192538721200000002",
            "version_stages": [
              "AWSCURRENT"
            ]
          },
          "sensitive_attributes": [
            [
              {
                "type": "get_attr",
                "value": "secret_binary"
              }
            ],
            [
              {
                "type": "get_attr",
                "value": "secret_string"
              }
            ],
            [
              {
                "type": "get_attr",
                "value": "secret_string_wo"
              }
            ]
          ],
          "identity_schema_version": 0,
          "identity": {
            "account_id": "838693051036",
            "region": "us-east-1",
            "secret_id": "arn:aws:secretsmanager:us-east-1:838693051036:secret:acme-jwt-secret-lFC1MI",
            "version_id": "terraform-20251014192538721200000002"
          },
          "private": "bnVsbA==",
          "dependencies": [
            "module.monitoring.aws_kms_key.main_key",
            "module.monitoring.aws_secretsmanager_secret.jwt_secret"
          ]
        }
      ]
    }
  ],
  "check_results": null
}
